
Microsoft Visual Studio Solution File, Format Version 12.00
Project("{FAE04EC0-301F-11D3-BF4B-00C04F79EFBC}") = "ProblematicDiscount", "ProblematicDiscount\ProblematicDiscount.csproj", "{09786CF0-D0B3-45B8-902C-C0A7752B433C}"
EndProject
Project("{FAE04EC0-301F-11D3-BF4B-00C04F79EFBC}") = "ProblematicDiscount.Tests", "ProblematicDiscount.Tests\ProblematicDiscount.Tests.csproj", "{68C22BF7-E757-4C71-9C80-105A90FEE75A}"
EndProject
Global
	GlobalSection(SolutionConfigurationPlatforms) = preSolution
		Debug|Any CPU = Debug|Any CPU
		Release|Any CPU = Release|Any CPU
	EndGlobalSection
	GlobalSection(ProjectConfigurationPlatforms) = postSolution
		{09786CF0-D0B3-45B8-902C-C0A7752B433C}.Debug|Any CPU.ActiveCfg = Debug|Any CPU
		{09786CF0-D0B3-45B8-902C-C0A7752B433C}.Debug|Any CPU.Build.0 = Debug|Any CPU
		{09786CF0-D0B3-45B8-902C-C0A7752B433C}.Release|Any CPU.ActiveCfg = Release|Any CPU
		{09786CF0-D0B3-45B8-902C-C0A7752B433C}.Release|Any CPU.Build.0 = Release|Any CPU
		{68C22BF7-E757-4C71-9C80-105A90FEE75A}.Debug|Any CPU.ActiveCfg = Debug|Any CPU
		{68C22BF7-E757-4C71-9C80-105A90FEE75A}.Debug|Any CPU.Build.0 = Debug|Any CPU
		{68C22BF7-E757-4C71-9C80-105A90FEE75A}.Release|Any CPU.ActiveCfg = Release|Any CPU
		{68C22BF7-E757-4C71-9C80-105A90FEE75A}.Release|Any CPU.Build.0 = Release|Any CPU
	EndGlobalSection
EndGlobal
