
Microsoft Visual Studio Solution File, Format Version 12.00
Project("{FAE04EC0-301F-11D3-BF4B-00C04F79EFBC}") = "CourseDuration", "CourseDuration\CourseDuration.csproj", "{E7C3DCB1-2ECC-4C35-8074-5A8E92E0581C}"
EndProject
Project("{FAE04EC0-301F-11D3-BF4B-00C04F79EFBC}") = "CourseDuration.Tests", "CourseDuration.Tests\CourseDuration.Tests.csproj", "{1B8D80C7-2EF6-4D07-97BB-AC57D1246CF6}"
EndProject
Global
	GlobalSection(SolutionConfigurationPlatforms) = preSolution
		Debug|Any CPU = Debug|Any CPU
		Release|Any CPU = Release|Any CPU
	EndGlobalSection
	GlobalSection(ProjectConfigurationPlatforms) = postSolution
		{E7C3DCB1-2ECC-4C35-8074-5A8E92E0581C}.Debug|Any CPU.ActiveCfg = Debug|Any CPU
		{E7C3DCB1-2ECC-4C35-8074-5A8E92E0581C}.Debug|Any CPU.Build.0 = Debug|Any CPU
		{E7C3DCB1-2ECC-4C35-8074-5A8E92E0581C}.Release|Any CPU.ActiveCfg = Release|Any CPU
		{E7C3DCB1-2ECC-4C35-8074-5A8E92E0581C}.Release|Any CPU.Build.0 = Release|Any CPU
		{1B8D80C7-2EF6-4D07-97BB-AC57D1246CF6}.Debug|Any CPU.ActiveCfg = Debug|Any CPU
		{1B8D80C7-2EF6-4D07-97BB-AC57D1246CF6}.Debug|Any CPU.Build.0 = Debug|Any CPU
		{1B8D80C7-2EF6-4D07-97BB-AC57D1246CF6}.Release|Any CPU.ActiveCfg = Release|Any CPU
		{1B8D80C7-2EF6-4D07-97BB-AC57D1246CF6}.Release|Any CPU.Build.0 = Release|Any CPU
	EndGlobalSection
EndGlobal
